
Microsoft Visual Studio Solution File, Format Version 12.00
# Visual Studio 15
VisualStudioVersion = 15.0.28307.421
MinimumVisualStudioVersion = 10.0.40219.1
Project("{FAE04EC0-301F-11D3-BF4B-00C04F79EFBC}") = "HelloNswag", "HelloNswag\HelloNswag.csproj", "{650B5CD8-CDE1-44FB-81C0-1F0928BC44E9}"
EndProject
Global
	GlobalSection(SolutionConfigurationPlatforms) = preSolution
		Debug|Any CPU = Debug|Any CPU
		Release|Any CPU = Release|Any CPU
	EndGlobalSection
	GlobalSection(ProjectConfigurationPlatforms) = postSolution
		{650B5CD8-CDE1-44FB-81C0-1F0928BC44E9}.Debug|Any CPU.ActiveCfg = Debug|Any CPU
		{650B5CD8-CDE1-44FB-81C0-1F0928BC44E9}.Debug|Any CPU.Build.0 = Debug|Any CPU
		{650B5CD8-CDE1-44FB-81C0-1F0928BC44E9}.Release|Any CPU.ActiveCfg = Release|Any CPU
		{650B5CD8-CDE1-44FB-81C0-1F0928BC44E9}.Release|Any CPU.Build.0 = Release|Any CPU
	EndGlobalSection
	GlobalSection(SolutionProperties) = preSolution
		HideSolutionNode = FALSE
	EndGlobalSection
	GlobalSection(ExtensibilityGlobals) = postSolution
		SolutionGuid = {68F5EA7C-1D71-40B8-B69D-2138909EEC06}
	EndGlobalSection
EndGlobal
